
Microsoft Visual Studio Solution File, Format Version 12.00
# Visual Studio 14
VisualStudioVersion = 14.0.24720.0
MinimumVisualStudioVersion = 10.0.40219.1
Project("{FAE04EC0-301F-11D3-BF4B-00C04F79EFBC}") = "NetworkService", "NetworkService\NetworkService.csproj", "{22D207C0-1FD5-4AFA-A0C2-1DD96469314D}"
EndProject
Project("{FAE04EC0-301F-11D3-BF4B-00C04F79EFBC}") = "NetworkServiceConsole", "NetworkServiceConsole\NetworkServiceConsole.csproj", "{3C02579A-F251-48E9-A98B-A01104ABDC36}"
EndProject
Global
	GlobalSection(SolutionConfigurationPlatforms) = preSolution
		Debug|Any CPU = Debug|Any CPU
		Release|Any CPU = Release|Any CPU
	EndGlobalSection
	GlobalSection(ProjectConfigurationPlatforms) = postSolution
		{22D207C0-1FD5-4AFA-A0C2-1DD96469314D}.Debug|Any CPU.ActiveCfg = Debug|Any CPU
		{22D207C0-1FD5-4AFA-A0C2-1DD96469314D}.Debug|Any CPU.Build.0 = Debug|Any CPU
		{22D207C0-1FD5-4AFA-A0C2-1DD96469314D}.Release|Any CPU.ActiveCfg = Release|Any CPU
		{22D207C0-1FD5-4AFA-A0C2-1DD96469314D}.Release|Any CPU.Build.0 = Release|Any CPU
		{3C02579A-F251-48E9-A98B-A01104ABDC36}.Debug|Any CPU.ActiveCfg = Debug|Any CPU
		{3C02579A-F251-48E9-A98B-A01104ABDC36}.Debug|Any CPU.Build.0 = Debug|Any CPU
		{3C02579A-F251-48E9-A98B-A01104ABDC36}.Release|Any CPU.ActiveCfg = Release|Any CPU
		{3C02579A-F251-48E9-A98B-A01104ABDC36}.Release|Any CPU.Build.0 = Release|Any CPU
	EndGlobalSection
	GlobalSection(SolutionProperties) = preSolution
		HideSolutionNode = FALSE
	EndGlobalSection
EndGlobal
